# THIS IS AN AUTOGENERATED FILE. DO NOT EDIT THIS FILE DIRECTLY.
# yarn lockfile v1


"@iconify-json/logos@^1.2.4":
  version "1.2.4"
  resolved "https://registry.yarnpkg.com/@iconify-json/logos/-/logos-1.2.4.tgz#1591937349a487da360fb10000d5e7ab0601bfd7"
  integrity sha512-XC4If5D/hbaZvUkTV8iaZuGlQCyG6CNOlaAaJaGa13V5QMYwYjgtKk3vPP8wz3wtTVNVEVk3LRx1fOJz+YnSMw==
  dependencies:
    "@iconify/types" "*"

"@iconify-json/mdi@^1.2.3":
  version "1.2.3"
  resolved "https://registry.yarnpkg.com/@iconify-json/mdi/-/mdi-1.2.3.tgz#5e4ee9d8c8aaad04381c8cc6c6edbe3327f031b5"
  integrity sha512-O3cLwbDOK7NNDf2ihaQOH5F9JglnulNDFV7WprU2dSoZu3h3cWH//h74uQAB87brHmvFVxIOkuBX2sZSzYhScg==
  dependencies:
    "@iconify/types" "*"

"@iconify-json/uim@^1.2.3":
  version "1.2.3"
  resolved "https://registry.yarnpkg.com/@iconify-json/uim/-/uim-1.2.3.tgz#46062ee64e50aef40bfa1fe7c935a86b8e7d25b4"
  integrity sha512-rCOU5nrRbcg5s5ZhL9Esoj/acyPeb6hPetVQYMJ18/wJwYsQtcwrFJXy6XOwyFs9TTLnjFGynLJO/TYihOQtDg==
  dependencies:
    "@iconify/types" "*"

"@iconify/types@*":
  version "2.0.0"
  resolved "https://registry.yarnpkg.com/@iconify/types/-/types-2.0.0.tgz#ab0e9ea681d6c8a1214f30cd741fe3a20cc57f57"
  integrity sha512-+wluvCrRhXrhyOmRDJ3q8mux9JkKy5SJ/v8ol2tu4FVjyYvtEzkc/3pK15ET6RKg4b4w4BmTk1+gsCUhf21Ykg==

"@slidev/types@^0.47.0":
  version "0.47.5"
  resolved "https://registry.yarnpkg.com/@slidev/types/-/types-0.47.5.tgz#53715dfabf25aa54893dfaa8de5d67027bdd6370"
  integrity sha512-X67V4cCgM0Sz50bP8GbVzmiL8DHC2IXvdKcsN7DlxHyf+/T4d9GveeGukwha5Fx3MuYeGZWKag7TFL2ZY4w54A==

codemirror-theme-vars@^0.1.2:
  version "0.1.2"
  resolved "https://registry.yarnpkg.com/codemirror-theme-vars/-/codemirror-theme-vars-0.1.2.tgz#60db6877d16a400809e919b9bec33d72dbab1dfa"
  integrity sha512-WTau8X2q58b0SOAY9DO+iQVw8JKVEgyQIqArp2D732tcc+pobbMta3bnVMdQdmgwuvNrOFFr6HoxPRoQOgooFA==

prism-theme-vars@^0.2.4:
  version "0.2.5"
  resolved "https://registry.yarnpkg.com/prism-theme-vars/-/prism-theme-vars-0.2.5.tgz#4691660f52c2ec790187a81df7dcd22fceaef128"
  integrity sha512-/D8gBTScYzi9afwE6v3TC1U/1YFZ6k+ly17mtVRdLpGy7E79YjJJWkXFgUDHJ2gDksV/ZnXF7ydJ4TvoDm2z/Q==
